
Microsoft Visual Studio Solution File, Format Version 11.00
# Visual Studio 2010
Project("{FAE04EC0-301F-11D3-BF4B-00C04F79EFBC}") = "Escape or Die", "Escape or Die\Escape or Die\Escape or Die.csproj", "{D9E06052-3EB9-446C-90D1-05E8907FED4D}"
EndProject
Project("{96E2B04D-8817-42C6-938A-82C39BA4D311}") = "Escape or DieContent", "Escape or Die\Escape or DieContent\Escape or DieContent.contentproj", "{EB684FBD-9749-4F24-BB79-B63093A68957}"
EndProject
Global
	GlobalSection(SolutionConfigurationPlatforms) = preSolution
		Debug|x86 = Debug|x86
		Release|x86 = Release|x86
	EndGlobalSection
	GlobalSection(ProjectConfigurationPlatforms) = postSolution
		{D9E06052-3EB9-446C-90D1-05E8907FED4D}.Debug|x86.ActiveCfg = Debug|x86
		{D9E06052-3EB9-446C-90D1-05E8907FED4D}.Debug|x86.Build.0 = Debug|x86
		{D9E06052-3EB9-446C-90D1-05E8907FED4D}.Release|x86.ActiveCfg = Release|x86
		{D9E06052-3EB9-446C-90D1-05E8907FED4D}.Release|x86.Build.0 = Release|x86
		{EB684FBD-9749-4F24-BB79-B63093A68957}.Debug|x86.ActiveCfg = Debug|x86
		{EB684FBD-9749-4F24-BB79-B63093A68957}.Release|x86.ActiveCfg = Release|x86
	EndGlobalSection
	GlobalSection(SolutionProperties) = preSolution
		HideSolutionNode = FALSE
	EndGlobalSection
EndGlobal
